# This file is automatically @generated by Poetry 1.7.1 and should not be changed by hand.

[[package]]
name = "aiofile"
version = "3.8.8"
description = "Asynchronous file operations."
optional = false
python-versions = ">=3.7, <4"
files = [
    {file = "aiofile-3.8.8-py3-none-any.whl", hash = "sha256:41e8845cce055779cd77713d949a339deb012eab605b857765e8f8e52a5ed811"},
    {file = "aiofile-3.8.8.tar.gz", hash = "sha256:41f3dc40bd730459d58610476e82e5efb2f84ae6e9fa088a9545385d838b8a43"},
]

[package.dependencies]
caio = ">=0.9.0,<0.10.0"

[package.extras]
develop = ["aiomisc-pytest", "coveralls", "pytest", "pytest-cov", "pytest-rst"]

[[package]]
name = "autoflake"
version = "2.3.1"
description = "Removes unused imports and unused variables"
optional = false
python-versions = ">=3.8"
files = [
    {file = "autoflake-2.3.1-py3-none-any.whl", hash = "sha256:3ae7495db9084b7b32818b4140e6dc4fc280b712fb414f5b8fe57b0a8e85a840"},
    {file = "autoflake-2.3.1.tar.gz", hash = "sha256:c98b75dc5b0a86459c4f01a1d32ac7eb4338ec4317a4469515ff1e687ecd909e"},
]

[package.dependencies]
pyflakes = ">=3.0.0"
tomli = {version = ">=2.0.1", markers = "python_version < \"3.11\""}

[[package]]
name = "autopep8"
version = "2.1.0"
description = "A tool that automatically formats Python code to conform to the PEP 8 style guide"
optional = false
python-versions = ">=3.8"
files = [
    {file = "autopep8-2.1.0-py2.py3-none-any.whl", hash = "sha256:2bb76888c5edbcafe6aabab3c47ba534f5a2c2d245c2eddced4a30c4b4946357"},
    {file = "autopep8-2.1.0.tar.gz", hash = "sha256:1fa8964e4618929488f4ec36795c7ff12924a68b8bf01366c094fc52f770b6e7"},
]

[package.dependencies]
pycodestyle = ">=2.11.0"
tomli = {version = "*", markers = "python_version < \"3.11\""}

[[package]]
name = "caio"
version = "0.9.13"
description = "Asynchronous file IO for Linux MacOS or Windows."
optional = false
python-versions = ">=3.7, <4"
files = [
    {file = "caio-0.9.13-cp310-cp310-macosx_10_9_universal2.whl", hash = "sha256:a921c0514ea2bb161d9d9c4940d409a2431cc6bab89abbf20fb16fdc6964f650"},
    {file = "caio-0.9.13-cp310-cp310-macosx_11_0_x86_64.whl", hash = "sha256:0a04bcac15b0c18057ec57dd9666c4d5c1058958a8db5191b46a1e54931c4a6e"},
    {file = "caio-0.9.13-cp310-cp310-manylinux_2_12_x86_64.manylinux2010_x86_64.manylinux_2_17_x86_64.manylinux2014_x86_64.whl", hash = "sha256:18307046421f4a8cac85c3d84aa941ab283fbbf0e57f0e5f81a306a057668f43"},
    {file = "caio-0.9.13-cp311-cp311-macosx_10_9_universal2.whl", hash = "sha256:789f8b55f4a2b46be14361df3ac8d14b6c8f0a3730badd70cb1b7778fcdc7039"},
    {file = "caio-0.9.13-cp311-cp311-manylinux_2_12_x86_64.manylinux2010_x86_64.manylinux_2_17_x86_64.manylinux2014_x86_64.whl", hash = "sha256:a914684bad2a757cf013ae88d785d81659a3add1885bad60cd20bfbd3068bd5a"},
    {file = "caio-0.9.13-cp37-cp37m-macosx_10_9_x86_64.whl", hash = "sha256:a6577cec932011db441a87bb35051a0ae8c6f970ea1af165cef3106746ae9a52"},
    {file = "caio-0.9.13-cp37-cp37m-macosx_11_0_x86_64.whl", hash = "sha256:e13c1b882f1c16bc15441d4cfe3e7e6b58b66cb5cf07a0ce46103ff9d0c1d16b"},
    {file = "caio-0.9.13-cp37-cp37m-manylinux_2_12_x86_64.manylinux2010_x86_64.manylinux_2_17_x86_64.manylinux2014_x86_64.whl", hash = "sha256:114d6c158dc592849532fd0992cbfb85430f4f6e48323a3990c39e4741f81a25"},
    {file = "caio-0.9.13-cp38-cp38-macosx_11_0_universal2.whl", hash = "sha256:9c5f115c6b5e032f00f35d5da69f27322272b1cb8d51a21da1c2444bd1926beb"},
    {file = "caio-0.9.13-cp38-cp38-macosx_11_0_x86_64.whl", hash = "sha256:48f2c32f67923c728f4b79e03e4a0fc8dc175aa079a1e301773ab7d6baaa571f"},
    {file = "caio-0.9.13-cp38-cp38-manylinux_2_12_x86_64.manylinux2010_x86_64.manylinux_2_17_x86_64.manylinux2014_x86_64.whl", hash = "sha256:9b7b6eafa11a446dced3cd10342140e618acb548b513aaf3a1fa4c86451d3856"},
    {file = "caio-0.9.13-cp39-cp39-macosx_10_9_universal2.whl", hash = "sha256:b1e4252b783ad25f15eeff6e412f7e9ec9409e7b4a81fd2893dc1ce1819385ff"},
    {file = "caio-0.9.13-cp39-cp39-macosx_11_0_x86_64.whl", hash = "sha256:a07c9933543d18f98525f34a786700134403f13050a5bd22a642629e2ab410d4"},
    {file = "caio-0.9.13-cp39-cp39-manylinux_2_12_x86_64.manylinux2010_x86_64.manylinux_2_17_x86_64.manylinux2014_x86_64.whl", hash = "sha256:a090ab82f21b310b56fa6afe04b3be92a0d1577a2e57127b61426c9dd6df34be"},
    {file = "caio-0.9.13-py3-none-any.whl", hash = "sha256:582cbfc6e203d1dedf662ba972a94db6e744fe0b6bb9e02922b0f86803006fc9"},
    {file = "caio-0.9.13.tar.gz", hash = "sha256:26f1e08a442bef4526a66142ea4e325e22dca8f040800aecb3caf8fae0589e98"},
]

[package.extras]
develop = ["aiomisc-pytest", "pytest", "pytest-cov"]

[[package]]
name = "click"
version = "8.1.7"
description = "Composable command line interface toolkit"
optional = false
python-versions = ">=3.7"
files = [
    {file = "click-8.1.7-py3-none-any.whl", hash = "sha256:ae74fb96c20a0277a1d615f1e4d73c8414f5a98db8b799a7931d1582f3390c28"},
    {file = "click-8.1.7.tar.gz", hash = "sha256:ca9853ad459e787e2192211578cc907e7594e294c7ccc834310722b41b9ca6de"},
]

[package.dependencies]
colorama = {version = "*", markers = "platform_system == \"Windows\""}

[[package]]
name = "click-aliases"
version = "1.0.4"
description = "Add (mutiple) aliases to a click group or command"
optional = false
python-versions = ">=3.7"
files = [
    {file = "click_aliases-1.0.4-py3-none-any.whl", hash = "sha256:27b416fd9117c05a744459ea13d01db8fa489e6efbc7e23a8ef5a744b7afbfb9"},
    {file = "click_aliases-1.0.4.tar.gz", hash = "sha256:384313c5dc4c4bd64d9eadaff39ad91352747e8cdfd2f95d504d914c01eb4eda"},
]

[package.dependencies]
click = ">=8.1.7,<9.0.0"

[[package]]
name = "colorama"
version = "0.4.6"
description = "Cross-platform colored terminal text."
optional = false
python-versions = "!=3.0.*,!=3.1.*,!=3.2.*,!=3.3.*,!=3.4.*,!=3.5.*,!=3.6.*,>=2.7"
files = [
    {file = "colorama-0.4.6-py2.py3-none-any.whl", hash = "sha256:4f1d9991f5acc0ca119f9d443620b77f9d6b33703e51011c16baf57afb285fc6"},
    {file = "colorama-0.4.6.tar.gz", hash = "sha256:08695f5cb7ed6e0531a20572697297273c47b8cae5a63ffc6d6ed5c201be6e44"},
]

[[package]]
name = "isort"
version = "5.13.2"
description = "A Python utility / library to sort Python imports."
optional = false
python-versions = ">=3.8.0"
files = [
    {file = "isort-5.13.2-py3-none-any.whl", hash = "sha256:8ca5e72a8d85860d5a3fa69b8745237f2939afe12dbf656afbcb47fe72d947a6"},
    {file = "isort-5.13.2.tar.gz", hash = "sha256:48fdfcb9face5d58a4f6dde2e72a1fb8dcaf8ab26f95ab49fab84c2ddefb0109"},
]

[package.extras]
colors = ["colorama (>=0.4.6)"]

[[package]]
name = "minijinja"
version = "2.0.1"
description = "An experimental Python binding of the Rust MiniJinja template engine."
optional = false
python-versions = ">=3.8"
files = [
    {file = "minijinja-2.0.1-cp38-abi3-macosx_10_12_x86_64.macosx_11_0_arm64.macosx_10_12_universal2.whl", hash = "sha256:063b291cb31f5c33eb77bb4cb457f67f14426ca1418232b8ae9f267155d330cc"},
    {file = "minijinja-2.0.1-cp38-abi3-manylinux_2_17_aarch64.manylinux2014_aarch64.whl", hash = "sha256:4a4e9d639dd89ce7fef86e82147082ab3c248a36950fa3fbe793685ba322c1b7"},
    {file = "minijinja-2.0.1-cp38-abi3-manylinux_2_17_armv7l.manylinux2014_armv7l.whl", hash = "sha256:a20373af4ee5430356c196c7fe5f19e3261a4fa16c944542b4de7a2349bac7a6"},
    {file = "minijinja-2.0.1-cp38-abi3-manylinux_2_17_x86_64.manylinux2014_x86_64.whl", hash = "sha256:ade637bf4826258811a785ccc4e5d41cd2bdf4ec317b1ed3daa4dbbdd020f37d"},
    {file = "minijinja-2.0.1-cp38-abi3-manylinux_2_5_i686.manylinux1_i686.whl", hash = "sha256:d5ec956d777e0fee8e214af48363334c04f098e986038a9e8cb92a0564f81943"},
    {file = "minijinja-2.0.1-cp38-abi3-win32.whl", hash = "sha256:039f4d1a1a73f90917cff1ed7c617eb56e2b2f91bbbdc551adaa448e1673e5c2"},
    {file = "minijinja-2.0.1-cp38-abi3-win_amd64.whl", hash = "sha256:dca5d7689905dce340e36e47348b505c788daf297253b85a1aff506ea63ad1b8"},
    {file = "minijinja-2.0.1.tar.gz", hash = "sha256:e774beffebfb8a1ad17e638ef70917cf5e94593f79acb8a8fff7d983169f3a4e"},
]

[[package]]
name = "prompt-toolkit"
version = "3.0.36"
description = "Library for building powerful interactive command lines in Python"
optional = false
python-versions = ">=3.6.2"
files = [
    {file = "prompt_toolkit-3.0.36-py3-none-any.whl", hash = "sha256:aa64ad242a462c5ff0363a7b9cfe696c20d55d9fc60c11fd8e632d064804d305"},
    {file = "prompt_toolkit-3.0.36.tar.gz", hash = "sha256:3e163f254bef5a03b146397d7c1963bd3e2812f0964bb9a24e6ec761fd28db63"},
]

[package.dependencies]
wcwidth = "*"

[[package]]
name = "pycodestyle"
version = "2.11.1"
description = "Python style guide checker"
optional = false
python-versions = ">=3.8"
files = [
    {file = "pycodestyle-2.11.1-py2.py3-none-any.whl", hash = "sha256:44fe31000b2d866f2e41841b18528a505fbd7fef9017b04eff4e2648a0fadc67"},
    {file = "pycodestyle-2.11.1.tar.gz", hash = "sha256:41ba0e7afc9752dfb53ced5489e89f8186be00e599e712660695b7a75ff2663f"},
]

[[package]]
name = "pyflakes"
version = "3.2.0"
description = "passive checker of Python programs"
optional = false
python-versions = ">=3.8"
files = [
    {file = "pyflakes-3.2.0-py2.py3-none-any.whl", hash = "sha256:84b5be138a2dfbb40689ca07e2152deb896a65c3a3e24c251c5c62489568074a"},
    {file = "pyflakes-3.2.0.tar.gz", hash = "sha256:1c61603ff154621fb2a9172037d84dca3500def8c8b630657d1701f026f8af3f"},
]

[[package]]
name = "questionary"
version = "2.0.1"
description = "Python library to build pretty command line user prompts ⭐️"
optional = false
python-versions = ">=3.8"
files = [
    {file = "questionary-2.0.1-py3-none-any.whl", hash = "sha256:8ab9a01d0b91b68444dff7f6652c1e754105533f083cbe27597c8110ecc230a2"},
    {file = "questionary-2.0.1.tar.gz", hash = "sha256:bcce898bf3dbb446ff62830c86c5c6fb9a22a54146f0f5597d3da43b10d8fc8b"},
]

[package.dependencies]
prompt_toolkit = ">=2.0,<=3.0.36"

[[package]]
name = "tomli"
version = "2.0.1"
description = "A lil' TOML parser"
optional = false
python-versions = ">=3.7"
files = [
    {file = "tomli-2.0.1-py3-none-any.whl", hash = "sha256:939de3e7a6161af0c887ef91b7d41a53e7c5a1ca976325f429cb46ea9bc30ecc"},
    {file = "tomli-2.0.1.tar.gz", hash = "sha256:de526c12914f0c550d15924c62d72abc48d6fe7364aa87328337a31007fe8a4f"},
]

[[package]]
name = "wcwidth"
version = "0.2.13"
description = "Measures the displayed width of unicode strings in a terminal"
optional = false
python-versions = "*"
files = [
    {file = "wcwidth-0.2.13-py2.py3-none-any.whl", hash = "sha256:3da69048e4540d84af32131829ff948f1e022c1c6bdb8d6102117aac784f6859"},
    {file = "wcwidth-0.2.13.tar.gz", hash = "sha256:72ea0c06399eb286d978fdedb6923a9eb47e1c486ce63e9b4e64fc18303972b5"},
]

[metadata]
lock-version = "2.0"
python-versions = "^3.10"
content-hash = "6ec58385af8693e63e46a9b2f1be04eaa03f144f07d6890128c2a67fcb17cac9"
